// !$*UTF8*$!
{
	archiveVersion = 1;
	classes = {
	};
	objectVersion = 56;
	objects = {

/* Begin PBXBuildFile section */
		6C17D2632EAAF3A900EA2C6B /* ZIPFoundation in Frameworks */ = {isa = PBXBuildFile; productRef = 6C17D2622EAAF3A900EA2C6B /* ZIPFoundation */; };
		A001 /* ScribApp.swift in Sources */ = {isa = PBXBuildFile; fileRef = B001 /* ScribApp.swift */; };
		A002 /* ContentView.swift in Sources */ = {isa = PBXBuildFile; fileRef = B002 /* ContentView.swift */; };
		A003 /* Assets.xcassets in Resources */ = {isa = PBXBuildFile; fileRef = B003 /* Assets.xcassets */; };
		A004 /* Book.swift in Sources */ = {isa = PBXBuildFile; fileRef = B004 /* Book.swift */; };
		A005 /* Chapter.swift in Sources */ = {isa = PBXBuildFile; fileRef = B005 /* Chapter.swift */; };
		A006 /* DataStore.swift in Sources */ = {isa = PBXBuildFile; fileRef = B006 /* DataStore.swift */; };
		A007 /* BookViewModel.swift in Sources */ = {isa = PBXBuildFile; fileRef = B007 /* BookViewModel.swift */; };
		A008 /* ChapterViewModel.swift in Sources */ = {isa = PBXBuildFile; fileRef = B008 /* ChapterViewModel.swift */; };
		A009 /* BookListView.swift in Sources */ = {isa = PBXBuildFile; fileRef = B009 /* BookListView.swift */; };
		A010 /* ChapterListView.swift in Sources */ = {isa = PBXBuildFile; fileRef = B010 /* ChapterListView.swift */; };
		A011 /* ChapterEditorView.swift in Sources */ = {isa = PBXBuildFile; fileRef = B011 /* ChapterEditorView.swift */; };
		A012 /* SettingsView.swift in Sources */ = {isa = PBXBuildFile; fileRef = B012 /* SettingsView.swift */; };
		A013 /* Date+Extensions.swift in Sources */ = {isa = PBXBuildFile; fileRef = B013 /* Date+Extensions.swift */; };
		A014 /* Color+Extensions.swift in Sources */ = {isa = PBXBuildFile; fileRef = B014 /* Color+Extensions.swift */; };
		A015 /* ChapterMetadata.swift in Sources */ = {isa = PBXBuildFile; fileRef = B015 /* ChapterMetadata.swift */; };
		A016 /* AdaptiveKeyboardToolbar.swift in Sources */ = {isa = PBXBuildFile; fileRef = B016 /* AdaptiveKeyboardToolbar.swift */; };
		A017 /* CharacterMarkerSheet.swift in Sources */ = {isa = PBXBuildFile; fileRef = B017 /* CharacterMarkerSheet.swift */; };
		A018 /* InlineNoteSheet.swift in Sources */ = {isa = PBXBuildFile; fileRef = B018 /* InlineNoteSheet.swift */; };
		A019 /* ChapterMetadataSheet.swift in Sources */ = {isa = PBXBuildFile; fileRef = B019 /* ChapterMetadataSheet.swift */; };
		A020 /* FormatMenuSheet.swift in Sources */ = {isa = PBXBuildFile; fileRef = B020 /* FormatMenuSheet.swift */; };
		A021 /* RichTextEditor.swift in Sources */ = {isa = PBXBuildFile; fileRef = B021 /* RichTextEditor.swift */; };
		A022 /* ExportMetadata.swift in Sources */ = {isa = PBXBuildFile; fileRef = B022 /* ExportMetadata.swift */; };
		A023 /* ExportManager.swift in Sources */ = {isa = PBXBuildFile; fileRef = B023 /* ExportManager.swift */; };
		A024 /* PDFExporter.swift in Sources */ = {isa = PBXBuildFile; fileRef = B024 /* PDFExporter.swift */; };
		A025 /* DOCXExporter.swift in Sources */ = {isa = PBXBuildFile; fileRef = B025 /* DOCXExporter.swift */; };
		A026 /* EPUBExporter.swift in Sources */ = {isa = PBXBuildFile; fileRef = B026 /* EPUBExporter.swift */; };
		A027 /* ExportView.swift in Sources */ = {isa = PBXBuildFile; fileRef = B027 /* ExportView.swift */; };
		A101 /* BookModelTests.swift in Sources */ = {isa = PBXBuildFile; fileRef = B101 /* BookModelTests.swift */; };
		A102 /* ChapterModelTests.swift in Sources */ = {isa = PBXBuildFile; fileRef = B102 /* ChapterModelTests.swift */; };
/* End PBXBuildFile section */

/* Begin PBXContainerItemProxy section */
		C001 /* PBXContainerItemProxy */ = {
			isa = PBXContainerItemProxy;
			containerPortal = P001 /* Scrib.app */;
			proxyType = 1;
			remoteGlobalIDString = T001;
			remoteInfo = Scrib;
		};
/* End PBXContainerItemProxy section */

/* Begin PBXFileReference section */
		6C17D2602EAAA48600EA2C6B /* AppIcon.icon */ = {isa = PBXFileReference; lastKnownFileType = folder.iconcomposer.icon; path = AppIcon.icon; sourceTree = "<group>"; };
		B001 /* ScribApp.swift */ = {isa = PBXFileReference; lastKnownFileType = sourcecode.swift; path = ScribApp.swift; sourceTree = "<group>"; };
		B002 /* ContentView.swift */ = {isa = PBXFileReference; lastKnownFileType = sourcecode.swift; path = ContentView.swift; sourceTree = "<group>"; };
		B003 /* Assets.xcassets */ = {isa = PBXFileReference; lastKnownFileType = folder.assetcatalog; path = Assets.xcassets; sourceTree = "<group>"; };
		B004 /* Book.swift */ = {isa = PBXFileReference; lastKnownFileType = sourcecode.swift; path = Book.swift; sourceTree = "<group>"; };
		B005 /* Chapter.swift */ = {isa = PBXFileReference; lastKnownFileType = sourcecode.swift; path = Chapter.swift; sourceTree = "<group>"; };
		B006 /* DataStore.swift */ = {isa = PBXFileReference; lastKnownFileType = sourcecode.swift; path = DataStore.swift; sourceTree = "<group>"; };
		B007 /* BookViewModel.swift */ = {isa = PBXFileReference; lastKnownFileType = sourcecode.swift; path = BookViewModel.swift; sourceTree = "<group>"; };
		B008 /* ChapterViewModel.swift */ = {isa = PBXFileReference; lastKnownFileType = sourcecode.swift; path = ChapterViewModel.swift; sourceTree = "<group>"; };
		B009 /* BookListView.swift */ = {isa = PBXFileReference; lastKnownFileType = sourcecode.swift; path = BookListView.swift; sourceTree = "<group>"; };
		B010 /* ChapterListView.swift */ = {isa = PBXFileReference; lastKnownFileType = sourcecode.swift; path = ChapterListView.swift; sourceTree = "<group>"; };
		B011 /* ChapterEditorView.swift */ = {isa = PBXFileReference; lastKnownFileType = sourcecode.swift; path = ChapterEditorView.swift; sourceTree = "<group>"; };
		B012 /* SettingsView.swift */ = {isa = PBXFileReference; lastKnownFileType = sourcecode.swift; path = SettingsView.swift; sourceTree = "<group>"; };
		B013 /* Date+Extensions.swift */ = {isa = PBXFileReference; lastKnownFileType = sourcecode.swift; path = "Date+Extensions.swift"; sourceTree = "<group>"; };
		B014 /* Color+Extensions.swift */ = {isa = PBXFileReference; lastKnownFileType = sourcecode.swift; path = "Color+Extensions.swift"; sourceTree = "<group>"; };
		B015 /* ChapterMetadata.swift */ = {isa = PBXFileReference; lastKnownFileType = sourcecode.swift; path = ChapterMetadata.swift; sourceTree = "<group>"; };
		B016 /* AdaptiveKeyboardToolbar.swift */ = {isa = PBXFileReference; lastKnownFileType = sourcecode.swift; path = AdaptiveKeyboardToolbar.swift; sourceTree = "<group>"; };
		B017 /* CharacterMarkerSheet.swift */ = {isa = PBXFileReference; lastKnownFileType = sourcecode.swift; path = CharacterMarkerSheet.swift; sourceTree = "<group>"; };
		B018 /* InlineNoteSheet.swift */ = {isa = PBXFileReference; lastKnownFileType = sourcecode.swift; path = InlineNoteSheet.swift; sourceTree = "<group>"; };
		B019 /* ChapterMetadataSheet.swift */ = {isa = PBXFileReference; lastKnownFileType = sourcecode.swift; path = ChapterMetadataSheet.swift; sourceTree = "<group>"; };
		B020 /* FormatMenuSheet.swift */ = {isa = PBXFileReference; lastKnownFileType = sourcecode.swift; path = FormatMenuSheet.swift; sourceTree = "<group>"; };
		B021 /* RichTextEditor.swift */ = {isa = PBXFileReference; lastKnownFileType = sourcecode.swift; path = RichTextEditor.swift; sourceTree = "<group>"; };
		B022 /* ExportMetadata.swift */ = {isa = PBXFileReference; lastKnownFileType = sourcecode.swift; path = ExportMetadata.swift; sourceTree = "<group>"; };
		B023 /* ExportManager.swift */ = {isa = PBXFileReference; lastKnownFileType = sourcecode.swift; path = ExportManager.swift; sourceTree = "<group>"; };
		B024 /* PDFExporter.swift */ = {isa = PBXFileReference; lastKnownFileType = sourcecode.swift; path = PDFExporter.swift; sourceTree = "<group>"; };
		B025 /* DOCXExporter.swift */ = {isa = PBXFileReference; lastKnownFileType = sourcecode.swift; path = DOCXExporter.swift; sourceTree = "<group>"; };
		B026 /* EPUBExporter.swift */ = {isa = PBXFileReference; lastKnownFileType = sourcecode.swift; path = EPUBExporter.swift; sourceTree = "<group>"; };
		B027 /* ExportView.swift */ = {isa = PBXFileReference; lastKnownFileType = sourcecode.swift; path = ExportView.swift; sourceTree = "<group>"; };
		B101 /* BookModelTests.swift */ = {isa = PBXFileReference; lastKnownFileType = sourcecode.swift; path = BookModelTests.swift; sourceTree = "<group>"; };
		B102 /* ChapterModelTests.swift */ = {isa = PBXFileReference; lastKnownFileType = sourcecode.swift; path = ChapterModelTests.swift; sourceTree = "<group>"; };
		P001 /* Scrib.app */ = {isa = PBXFileReference; explicitFileType = wrapper.application; includeInIndex = 0; path = Scrib.app; sourceTree = BUILT_PRODUCTS_DIR; };
		P002 /* ScribTests.xctest */ = {isa = PBXFileReference; explicitFileType = wrapper.cfbundle; includeInIndex = 0; path = ScribTests.xctest; sourceTree = BUILT_PRODUCTS_DIR; };
/* End PBXFileReference section */

/* Begin PBXFrameworksBuildPhase section */
		F001 /* Frameworks */ = {
			isa = PBXFrameworksBuildPhase;
			buildActionMask = 2147483647;
			files = (
				6C17D2632EAAF3A900EA2C6B /* ZIPFoundation in Frameworks */,
			);
			runOnlyForDeploymentPostprocessing = 0;
		};
		F002 /* Frameworks */ = {
			isa = PBXFrameworksBuildPhase;
			buildActionMask = 2147483647;
			files = (
			);
			runOnlyForDeploymentPostprocessing = 0;
		};
/* End PBXFrameworksBuildPhase section */

/* Begin PBXGroup section */
		G001 = {
			isa = PBXGroup;
			children = (
				G002 /* Scrib */,
				G100 /* ScribTests */,
				G999 /* Products */,
			);
			sourceTree = "<group>";
		};
		G002 /* Scrib */ = {
			isa = PBXGroup;
			children = (
				6C17D2602EAAA48600EA2C6B /* AppIcon.icon */,
				G003 /* App */,
				G004 /* Models */,
				G005 /* Views */,
				G006 /* ViewModels */,
				G007 /* Extensions */,
				G008 /* Resources */,
				G009 /* Services */,
			);
			path = Scrib;
			sourceTree = "<group>";
		};
		G003 /* App */ = {
			isa = PBXGroup;
			children = (
				B001 /* ScribApp.swift */,
			);
			path = App;
			sourceTree = "<group>";
		};
		G004 /* Models */ = {
			isa = PBXGroup;
			children = (
				B004 /* Book.swift */,
				B005 /* Chapter.swift */,
				B015 /* ChapterMetadata.swift */,
				B006 /* DataStore.swift */,
				B022 /* ExportMetadata.swift */,
			);
			path = Models;
			sourceTree = "<group>";
		};
		G005 /* Views */ = {
			isa = PBXGroup;
			children = (
				B002 /* ContentView.swift */,
				B009 /* BookListView.swift */,
				B010 /* ChapterListView.swift */,
				B011 /* ChapterEditorView.swift */,
				B012 /* SettingsView.swift */,
				G020 /* Components */,
				G021 /* Export */,
			);
			path = Views;
			sourceTree = "<group>";
		};
		G006 /* ViewModels */ = {
			isa = PBXGroup;
			children = (
				B007 /* BookViewModel.swift */,
				B008 /* ChapterViewModel.swift */,
			);
			path = ViewModels;
			sourceTree = "<group>";
		};
		G007 /* Extensions */ = {
			isa = PBXGroup;
			children = (
				B013 /* Date+Extensions.swift */,
				B014 /* Color+Extensions.swift */,
			);
			path = Extensions;
			sourceTree = "<group>";
		};
		G008 /* Resources */ = {
			isa = PBXGroup;
			children = (
				B003 /* Assets.xcassets */,
			);
			path = Resources;
			sourceTree = "<group>";
		};
		G009 /* Services */ = {
			isa = PBXGroup;
			children = (
				B023 /* ExportManager.swift */,
				G010 /* Exporters */,
			);
			path = Services;
			sourceTree = "<group>";
		};
		G010 /* Exporters */ = {
			isa = PBXGroup;
			children = (
				B024 /* PDFExporter.swift */,
				B025 /* DOCXExporter.swift */,
				B026 /* EPUBExporter.swift */,
			);
			path = Exporters;
			sourceTree = "<group>";
		};
		G020 /* Components */ = {
			isa = PBXGroup;
			children = (
				B016 /* AdaptiveKeyboardToolbar.swift */,
				B017 /* CharacterMarkerSheet.swift */,
				B018 /* InlineNoteSheet.swift */,
				B019 /* ChapterMetadataSheet.swift */,
				B020 /* FormatMenuSheet.swift */,
				B021 /* RichTextEditor.swift */,
			);
			path = Components;
			sourceTree = "<group>";
		};
		G021 /* Export */ = {
			isa = PBXGroup;
			children = (
				B027 /* ExportView.swift */,
			);
			path = Export;
			sourceTree = "<group>";
		};
		G100 /* ScribTests */ = {
			isa = PBXGroup;
			children = (
				B101 /* BookModelTests.swift */,
				B102 /* ChapterModelTests.swift */,
			);
			path = ScribTests;
			sourceTree = "<group>";
		};
		G999 /* Products */ = {
			isa = PBXGroup;
			children = (
				P001 /* Scrib.app */,
				P002 /* ScribTests.xctest */,
			);
			name = Products;
			sourceTree = "<group>";
		};
/* End PBXGroup section */

/* Begin PBXNativeTarget section */
		T001 /* Scrib */ = {
			isa = PBXNativeTarget;
			buildConfigurationList = L001 /* Build configuration list for PBXNativeTarget "Scrib" */;
			buildPhases = (
				S001 /* Sources */,
				F001 /* Frameworks */,
				R001 /* Resources */,
			);
			buildRules = (
			);
			dependencies = (
			);
			name = Scrib;
			productName = Scrib;
			productReference = P001 /* Scrib.app */;
			productType = "com.apple.product-type.application";
		};
		T002 /* ScribTests */ = {
			isa = PBXNativeTarget;
			buildConfigurationList = L002 /* Build configuration list for PBXNativeTarget "ScribTests" */;
			buildPhases = (
				S002 /* Sources */,
				F002 /* Frameworks */,
			);
			buildRules = (
			);
			dependencies = (
				D001 /* PBXTargetDependency */,
			);
			name = ScribTests;
			productName = ScribTests;
			productReference = P002 /* ScribTests.xctest */;
			productType = "com.apple.product-type.bundle.unit-test";
		};
/* End PBXNativeTarget section */

/* Begin PBXProject section */
		PR01 /* Project object */ = {
			isa = PBXProject;
			attributes = {
				BuildIndependentTargetsInParallel = 1;
				LastSwiftUpdateCheck = 1600;
				LastUpgradeCheck = 1600;
				TargetAttributes = {
					T001 = {
						CreatedOnToolsVersion = 16.0;
					};
					T002 = {
						CreatedOnToolsVersion = 16.0;
						TestTargetID = T001;
					};
				};
			};
			buildConfigurationList = L003 /* Build configuration list for PBXProject "Scrib" */;
			compatibilityVersion = "Xcode 14.0";
			developmentRegion = en;
			hasScannedForEncodings = 0;
			knownRegions = (
				en,
				Base,
			);
			mainGroup = G001;
			packageReferences = (
				6C17D2612EAAF3A900EA2C6B /* XCRemoteSwiftPackageReference "ZIPFoundation" */,
			);
			productRefGroup = G999 /* Products */;
			projectDirPath = "";
			projectRoot = "";
			targets = (
				T001 /* Scrib */,
				T002 /* ScribTests */,
			);
		};
/* End PBXProject section */

/* Begin PBXResourcesBuildPhase section */
		R001 /* Resources */ = {
			isa = PBXResourcesBuildPhase;
			buildActionMask = 2147483647;
			files = (
				A003 /* Assets.xcassets in Resources */,
			);
			runOnlyForDeploymentPostprocessing = 0;
		};
/* End PBXResourcesBuildPhase section */

/* Begin PBXSourcesBuildPhase section */
		S001 /* Sources */ = {
			isa = PBXSourcesBuildPhase;
			buildActionMask = 2147483647;
			files = (
				A001 /* ScribApp.swift in Sources */,
				A002 /* ContentView.swift in Sources */,
				A004 /* Book.swift in Sources */,
				A005 /* Chapter.swift in Sources */,
				A006 /* DataStore.swift in Sources */,
				A015 /* ChapterMetadata.swift in Sources */,
				A007 /* BookViewModel.swift in Sources */,
				A008 /* ChapterViewModel.swift in Sources */,
				A009 /* BookListView.swift in Sources */,
				A010 /* ChapterListView.swift in Sources */,
				A011 /* ChapterEditorView.swift in Sources */,
				A012 /* SettingsView.swift in Sources */,
				A016 /* AdaptiveKeyboardToolbar.swift in Sources */,
				A017 /* CharacterMarkerSheet.swift in Sources */,
				A018 /* InlineNoteSheet.swift in Sources */,
				A019 /* ChapterMetadataSheet.swift in Sources */,
				A020 /* FormatMenuSheet.swift in Sources */,
				A021 /* RichTextEditor.swift in Sources */,
				A013 /* Date+Extensions.swift in Sources */,
				A014 /* Color+Extensions.swift in Sources */,
				A022 /* ExportMetadata.swift in Sources */,
				A023 /* ExportManager.swift in Sources */,
				A024 /* PDFExporter.swift in Sources */,
				A025 /* DOCXExporter.swift in Sources */,
				A026 /* EPUBExporter.swift in Sources */,
				A027 /* ExportView.swift in Sources */,
			);
			runOnlyForDeploymentPostprocessing = 0;
		};
		S002 /* Sources */ = {
			isa = PBXSourcesBuildPhase;
			buildActionMask = 2147483647;
			files = (
				A101 /* BookModelTests.swift in Sources */,
				A102 /* ChapterModelTests.swift in Sources */,
			);
			runOnlyForDeploymentPostprocessing = 0;
		};
/* End PBXSourcesBuildPhase section */

/* Begin PBXTargetDependency section */
		D001 /* PBXTargetDependency */ = {
			isa = PBXTargetDependency;
			targetProxy = C001 /* PBXContainerItemProxy */;
		};
/* End PBXTargetDependency section */

/* Begin XCBuildConfiguration section */
		X001 /* Debug */ = {
			isa = XCBuildConfiguration;
			buildSettings = {
				ALWAYS_SEARCH_USER_PATHS = NO;
				ASSETCATALOG_COMPILER_GENERATE_SWIFT_ASSET_SYMBOL_EXTENSIONS = YES;
				CLANG_ANALYZER_NONNULL = YES;
				CLANG_ANALYZER_NUMBER_OBJECT_CONVERSION = YES_AGGRESSIVE;
				CLANG_CXX_LANGUAGE_STANDARD = "gnu++20";
				CLANG_ENABLE_MODULES = YES;
				CLANG_ENABLE_OBJC_ARC = YES;
				CLANG_ENABLE_OBJC_WEAK = YES;
				CLANG_WARN_BLOCK_CAPTURE_AUTORELEASING = YES;
				CLANG_WARN_BOOL_CONVERSION = YES;
				CLANG_WARN_COMMA = YES;
				CLANG_WARN_CONSTANT_CONVERSION = YES;
				CLANG_WARN_DEPRECATED_OBJC_IMPLEMENTATIONS = YES;
				CLANG_WARN_DIRECT_OBJC_ISA_USAGE = YES_ERROR;
				CLANG_WARN_DOCUMENTATION_COMMENTS = YES;
				CLANG_WARN_EMPTY_BODY = YES;
				CLANG_WARN_ENUM_CONVERSION = YES;
				CLANG_WARN_INFINITE_RECURSION = YES;
				CLANG_WARN_INT_CONVERSION = YES;
				CLANG_WARN_NON_LITERAL_NULL_CONVERSION = YES;
				CLANG_WARN_OBJC_IMPLICIT_RETAIN_SELF = YES;
				CLANG_WARN_OBJC_LITERAL_CONVERSION = YES;
				CLANG_WARN_OBJC_ROOT_CLASS = YES_ERROR;
				CLANG_WARN_QUOTED_INCLUDE_IN_FRAMEWORK_HEADER = YES;
				CLANG_WARN_RANGE_LOOP_ANALYSIS = YES;
				CLANG_WARN_STRICT_PROTOTYPES = YES;
				CLANG_WARN_SUSPICIOUS_MOVE = YES;
				CLANG_WARN_UNGUARDED_AVAILABILITY = YES_AGGRESSIVE;
				CLANG_WARN_UNREACHABLE_CODE = YES;
				CLANG_WARN__DUPLICATE_METHOD_MATCH = YES;
				COPY_PHASE_STRIP = NO;
				DEBUG_INFORMATION_FORMAT = dwarf;
				ENABLE_STRICT_OBJC_MSGSEND = YES;
				ENABLE_TESTABILITY = YES;
				ENABLE_USER_SCRIPT_SANDBOXING = YES;
				GCC_C_LANGUAGE_STANDARD = gnu17;
				GCC_DYNAMIC_NO_PIC = NO;
				GCC_NO_COMMON_BLOCKS = YES;
				GCC_OPTIMIZATION_LEVEL = 0;
				GCC_PREPROCESSOR_DEFINITIONS = (
					"DEBUG=1",
					"$(inherited)",
				);
				GCC_WARN_64_TO_32_BIT_CONVERSION = YES;
				GCC_WARN_ABOUT_RETURN_TYPE = YES_ERROR;
				GCC_WARN_UNDECLARED_SELECTOR = YES;
				GCC_WARN_UNINITIALIZED_AUTOS = YES_AGGRESSIVE;
				GCC_WARN_UNUSED_FUNCTION = YES;
				GCC_WARN_UNUSED_VARIABLE = YES;
				LOCALIZATION_PREFERS_STRING_CATALOGS = YES;
				MTL_ENABLE_DEBUG_INFO = INCLUDE_SOURCE;
				MTL_FAST_MATH = YES;
				ONLY_ACTIVE_ARCH = YES;
				SWIFT_ACTIVE_COMPILATION_CONDITIONS = "DEBUG $(inherited)";
				SWIFT_OPTIMIZATION_LEVEL = "-Onone";
				SWIFT_VERSION = 6.1;
			};
			name = Debug;
		};
		X002 /* Release */ = {
			isa = XCBuildConfiguration;
			buildSettings = {
				ALWAYS_SEARCH_USER_PATHS = NO;
				ASSETCATALOG_COMPILER_GENERATE_SWIFT_ASSET_SYMBOL_EXTENSIONS = YES;
				CLANG_ANALYZER_NONNULL = YES;
				CLANG_ANALYZER_NUMBER_OBJECT_CONVERSION = YES_AGGRESSIVE;
				CLANG_CXX_LANGUAGE_STANDARD = "gnu++20";
				CLANG_ENABLE_MODULES = YES;
				CLANG_ENABLE_OBJC_ARC = YES;
				CLANG_ENABLE_OBJC_WEAK = YES;
				CLANG_WARN_BLOCK_CAPTURE_AUTORELEASING = YES;
				CLANG_WARN_BOOL_CONVERSION = YES;
				CLANG_WARN_COMMA = YES;
				CLANG_WARN_CONSTANT_CONVERSION = YES;
				CLANG_WARN_DEPRECATED_OBJC_IMPLEMENTATIONS = YES;
				CLANG_WARN_DIRECT_OBJC_ISA_USAGE = YES_ERROR;
				CLANG_WARN_DOCUMENTATION_COMMENTS = YES;
				CLANG_WARN_EMPTY_BODY = YES;
				CLANG_WARN_ENUM_CONVERSION = YES;
				CLANG_WARN_INFINITE_RECURSION = YES;
				CLANG_WARN_INT_CONVERSION = YES;
				CLANG_WARN_NON_LITERAL_NULL_CONVERSION = YES;
				CLANG_WARN_OBJC_IMPLICIT_RETAIN_SELF = YES;
				CLANG_WARN_OBJC_LITERAL_CONVERSION = YES;
				CLANG_WARN_OBJC_ROOT_CLASS = YES_ERROR;
				CLANG_WARN_QUOTED_INCLUDE_IN_FRAMEWORK_HEADER = YES;
				CLANG_WARN_RANGE_LOOP_ANALYSIS = YES;
				CLANG_WARN_STRICT_PROTOTYPES = YES;
				CLANG_WARN_SUSPICIOUS_MOVE = YES;
				CLANG_WARN_UNGUARDED_AVAILABILITY = YES_AGGRESSIVE;
				CLANG_WARN_UNREACHABLE_CODE = YES;
				CLANG_WARN__DUPLICATE_METHOD_MATCH = YES;
				COPY_PHASE_STRIP = NO;
				DEBUG_INFORMATION_FORMAT = "dwarf-with-dsym";
				ENABLE_NS_ASSERTIONS = NO;
				ENABLE_STRICT_OBJC_MSGSEND = YES;
				ENABLE_USER_SCRIPT_SANDBOXING = YES;
				GCC_C_LANGUAGE_STANDARD = gnu17;
				GCC_NO_COMMON_BLOCKS = YES;
				GCC_WARN_64_TO_32_BIT_CONVERSION = YES;
				GCC_WARN_ABOUT_RETURN_TYPE = YES_ERROR;
				GCC_WARN_UNDECLARED_SELECTOR = YES;
				GCC_WARN_UNINITIALIZED_AUTOS = YES_AGGRESSIVE;
				GCC_WARN_UNUSED_FUNCTION = YES;
				GCC_WARN_UNUSED_VARIABLE = YES;
				LOCALIZATION_PREFERS_STRING_CATALOGS = YES;
				MTL_ENABLE_DEBUG_INFO = NO;
				MTL_FAST_MATH = YES;
				SWIFT_COMPILATION_MODE = wholemodule;
				SWIFT_VERSION = 6.1;
			};
			name = Release;
		};
		X003 /* Debug */ = {
			isa = XCBuildConfiguration;
			buildSettings = {
				ASSETCATALOG_COMPILER_APPICON_NAME = AppIcon;
				ASSETCATALOG_COMPILER_GLOBAL_ACCENT_COLOR_NAME = AccentColor;
				ASSETCATALOG_COMPILER_INCLUDE_ALL_APPICON_ASSETS = YES;
				CODE_SIGN_STYLE = Automatic;
				CURRENT_PROJECT_VERSION = 1;
				DEVELOPMENT_TEAM = BRC59YVWTB;
				ENABLE_HARDENED_RUNTIME = YES;
				ENABLE_PREVIEWS = YES;
				GENERATE_INFOPLIST_FILE = YES;
				INFOPLIST_KEY_CFBundleDisplayName = Scrib;
				INFOPLIST_KEY_LSApplicationCategoryType = "public.app-category.productivity";
				INFOPLIST_KEY_UIApplicationSceneManifest_Generation = YES;
				INFOPLIST_KEY_UIApplicationSupportsIndirectInputEvents = YES;
				INFOPLIST_KEY_UILaunchScreen_Generation = YES;
				INFOPLIST_KEY_UISupportedInterfaceOrientations = UIInterfaceOrientationPortrait;
				INFOPLIST_KEY_UISupportedInterfaceOrientations_iPad = "UIInterfaceOrientationLandscapeLeft UIInterfaceOrientationLandscapeRight UIInterfaceOrientationPortrait UIInterfaceOrientationPortraitUpsideDown";
				IPHONEOS_DEPLOYMENT_TARGET = 26.0;
				LD_RUNPATH_SEARCH_PATHS = (
					"$(inherited)",
					"@executable_path/Frameworks",
				);
				MACOSX_DEPLOYMENT_TARGET = 26.0;
				MARKETING_VERSION = 1.0;
				PRODUCT_BUNDLE_IDENTIFIER = com.scrib.app;
				PRODUCT_NAME = "$(TARGET_NAME)";
				SDKROOT = auto;
				SUPPORTED_PLATFORMS = "iphoneos iphonesimulator macosx";
				SUPPORTS_MACCATALYST = NO;
				SWIFT_EMIT_LOC_STRINGS = YES;
				SWIFT_STRICT_CONCURRENCY = complete;
				SWIFT_VERSION = 6.1;
				TARGETED_DEVICE_FAMILY = "1,2";
			};
			name = Debug;
		};
		X004 /* Release */ = {
			isa = XCBuildConfiguration;
			buildSettings = {
				ASSETCATALOG_COMPILER_APPICON_NAME = AppIcon;
				ASSETCATALOG_COMPILER_GLOBAL_ACCENT_COLOR_NAME = AccentColor;
				ASSETCATALOG_COMPILER_INCLUDE_ALL_APPICON_ASSETS = YES;
				CODE_SIGN_STYLE = Automatic;
				CURRENT_PROJECT_VERSION = 1;
				DEVELOPMENT_TEAM = BRC59YVWTB;
				ENABLE_HARDENED_RUNTIME = YES;
				ENABLE_PREVIEWS = YES;
				GENERATE_INFOPLIST_FILE = YES;
				INFOPLIST_KEY_CFBundleDisplayName = Scrib;
				INFOPLIST_KEY_LSApplicationCategoryType = "public.app-category.productivity";
				INFOPLIST_KEY_UIApplicationSceneManifest_Generation = YES;
				INFOPLIST_KEY_UIApplicationSupportsIndirectInputEvents = YES;
				INFOPLIST_KEY_UILaunchScreen_Generation = YES;
				INFOPLIST_KEY_UISupportedInterfaceOrientations = UIInterfaceOrientationPortrait;
				INFOPLIST_KEY_UISupportedInterfaceOrientations_iPad = "UIInterfaceOrientationLandscapeLeft UIInterfaceOrientationLandscapeRight UIInterfaceOrientationPortrait UIInterfaceOrientationPortraitUpsideDown";
				IPHONEOS_DEPLOYMENT_TARGET = 26.0;
				LD_RUNPATH_SEARCH_PATHS = (
					"$(inherited)",
					"@executable_path/Frameworks",
				);
				MACOSX_DEPLOYMENT_TARGET = 26.0;
				MARKETING_VERSION = 1.0;
				PRODUCT_BUNDLE_IDENTIFIER = com.scrib.app;
				PRODUCT_NAME = "$(TARGET_NAME)";
				SDKROOT = auto;
				SUPPORTED_PLATFORMS = "iphoneos iphonesimulator macosx";
				SUPPORTS_MACCATALYST = NO;
				SWIFT_EMIT_LOC_STRINGS = YES;
				SWIFT_STRICT_CONCURRENCY = complete;
				SWIFT_VERSION = 6.1;
				TARGETED_DEVICE_FAMILY = "1,2";
			};
			name = Release;
		};
		X005 /* Debug */ = {
			isa = XCBuildConfiguration;
			buildSettings = {
				BUNDLE_LOADER = "$(TEST_HOST)";
				CODE_SIGN_STYLE = Automatic;
				CURRENT_PROJECT_VERSION = 1;
				DEVELOPMENT_TEAM = "";
				GENERATE_INFOPLIST_FILE = YES;
				IPHONEOS_DEPLOYMENT_TARGET = 26.0;
				MACOSX_DEPLOYMENT_TARGET = 26.0;
				MARKETING_VERSION = 1.0;
				PRODUCT_BUNDLE_IDENTIFIER = com.scrib.app.tests;
				PRODUCT_NAME = "$(TARGET_NAME)";
				SDKROOT = auto;
				SUPPORTED_PLATFORMS = "iphoneos iphonesimulator macosx";
				SWIFT_EMIT_LOC_STRINGS = NO;
				SWIFT_VERSION = 6.1;
				TARGETED_DEVICE_FAMILY = "1,2";
				TEST_HOST = "$(BUILT_PRODUCTS_DIR)/Scrib.app/$(BUNDLE_EXECUTABLE_FOLDER_PATH)/Scrib";
			};
			name = Debug;
		};
		X006 /* Release */ = {
			isa = XCBuildConfiguration;
			buildSettings = {
				BUNDLE_LOADER = "$(TEST_HOST)";
				CODE_SIGN_STYLE = Automatic;
				CURRENT_PROJECT_VERSION = 1;
				DEVELOPMENT_TEAM = "";
				GENERATE_INFOPLIST_FILE = YES;
				IPHONEOS_DEPLOYMENT_TARGET = 26.0;
				MACOSX_DEPLOYMENT_TARGET = 26.0;
				MARKETING_VERSION = 1.0;
				PRODUCT_BUNDLE_IDENTIFIER = com.scrib.app.tests;
				PRODUCT_NAME = "$(TARGET_NAME)";
				SDKROOT = auto;
				SUPPORTED_PLATFORMS = "iphoneos iphonesimulator macosx";
				SWIFT_EMIT_LOC_STRINGS = NO;
				SWIFT_VERSION = 6.1;
				TARGETED_DEVICE_FAMILY = "1,2";
				TEST_HOST = "$(BUILT_PRODUCTS_DIR)/Scrib.app/$(BUNDLE_EXECUTABLE_FOLDER_PATH)/Scrib";
			};
			name = Release;
		};
/* End XCBuildConfiguration section */

/* Begin XCConfigurationList section */
		L001 /* Build configuration list for PBXNativeTarget "Scrib" */ = {
			isa = XCConfigurationList;
			buildConfigurations = (
				X003 /* Debug */,
				X004 /* Release */,
			);
			defaultConfigurationIsVisible = 0;
			defaultConfigurationName = Release;
		};
		L002 /* Build configuration list for PBXNativeTarget "ScribTests" */ = {
			isa = XCConfigurationList;
			buildConfigurations = (
				X005 /* Debug */,
				X006 /* Release */,
			);
			defaultConfigurationIsVisible = 0;
			defaultConfigurationName = Release;
		};
		L003 /* Build configuration list for PBXProject "Scrib" */ = {
			isa = XCConfigurationList;
			buildConfigurations = (
				X001 /* Debug */,
				X002 /* Release */,
			);
			defaultConfigurationIsVisible = 0;
			defaultConfigurationName = Release;
		};
/* End XCConfigurationList section */

/* Begin XCRemoteSwiftPackageReference section */
		6C17D2612EAAF3A900EA2C6B /* XCRemoteSwiftPackageReference "ZIPFoundation" */ = {
			isa = XCRemoteSwiftPackageReference;
			repositoryURL = "https://github.com/weichsel/ZIPFoundation.git";
			requirement = {
				kind = upToNextMajorVersion;
				minimumVersion = 0.9.20;
			};
		};
/* End XCRemoteSwiftPackageReference section */

/* Begin XCSwiftPackageProductDependency section */
		6C17D2622EAAF3A900EA2C6B /* ZIPFoundation */ = {
			isa = XCSwiftPackageProductDependency;
			package = 6C17D2612EAAF3A900EA2C6B /* XCRemoteSwiftPackageReference "ZIPFoundation" */;
			productName = ZIPFoundation;
		};
/* End XCSwiftPackageProductDependency section */
	};
	rootObject = PR01 /* Project object */;
}
